github.com/pkujhd/goloader v0.0.0-20220316023833-9ee8cc00e00e h1:/Naj2xJ61a527Ep+VuD4EG7j6ZK/gXj4A2bjzVDp1zs=
github.com/pkujhd/goloader v0.0.0-20220316023833-9ee8cc00e00e/go.mod h1:JQc0eCq8bTqZremrbWWBXTYAj/82bEnPl/9g+nKIsuA=
github.com/pkujhd/goloader v0.0.0-20220615021746-aba2e6599492 h1:YavstDzWo7DswfOpkleBaxUzGcp4exjqwYi2ATDyqnI=
github.com/pkujhd/goloader v0.0.0-20220615021746-aba2e6599492/go.mod h1:JQc0eCq8bTqZremrbWWBXTYAj/82bEnPl/9g+nKIsuA=
